{
  "version": 1,
  "dependencies": {
    "net8.0-windows7.0": {
      "CsvHelper": {
        "type": "Direct",
        "requested": "[33.0.1, )",
        "resolved": "33.0.1",
        "contentHash": "fev4lynklAU2A9GVMLtwarkwaanjSYB4wUqO2nOJX5hnzObORzUqVLe+bDYCUyIIRQM4o5Bsq3CcyJR89iMmEQ=="
      },
      "DalamudPackager": {
        "type": "Direct",
        "requested": "[11.0.0, )",
        "resolved": "11.0.0",
        "contentHash": "bjT7XUlhIJSmsE/O76b7weUX+evvGQctbQB8aKXt94o+oPWxHpCepxAGMs7Thow3AzCyqWs7cOpp9/2wcgRRQA=="
      },
      "MessagePack": {
        "type": "Direct",
        "requested": "[3.0.238-rc.1, )",
        "resolved": "3.0.238-rc.1",
        "contentHash": "gAVmHb2gswXviGFpAmUgGBVvZEjYGph7Co5hp6IbshEooIuZT34Rv4YcBKvVnUCHdoqxQvK6DZIOPSLSYv3LjQ==",
        "dependencies": {
          "MessagePack.Annotations": "3.0.238-rc.1",
          "MessagePackAnalyzer": "3.0.238-rc.1",
          "Microsoft.NET.StringTools": "17.11.4"
        }
      },
      "JetBrains.Annotations": {
        "type": "Transitive",
        "resolved": "2024.2.0",
        "contentHash": "GNnqCFW/163p1fOehKx0CnAqjmpPrUSqrgfHM6qca+P+RN39C9rhlfZHQpJhxmQG/dkOYe/b3Z0P8b6Kv5m1qw=="
      },
      "MessagePack.Annotations": {
        "type": "Transitive",
        "resolved": "3.0.238-rc.1",
        "contentHash": "yvnpKGuxZuFHnYZ9N8WQXQn0J28w2f0evh0RekDtuxIEKGPw/qQLQXyQWFzMunfb/+pKTWYlUZR1rvvNcwl10A=="
      },
      "MessagePackAnalyzer": {
        "type": "Transitive",
        "resolved": "3.0.238-rc.1",
        "contentHash": "qweXSZ+3mrf3RAqBs71vrF20SiNmqQdbrrt/L3749jh7OPpvdyZcHhOd20BSk+THQXgmmQfqF5F3o/J7S7tGCQ=="
      },
      "Microsoft.Extensions.DependencyInjection": {
        "type": "Transitive",
        "resolved": "8.0.0",
        "contentHash": "V8S3bsm50ig6JSyrbcJJ8bW2b9QLGouz+G1miK3UTaOWmMtFwNNNzUf4AleyDWUmTrWMLNnFSLEQtxmxgNQnNQ==",
        "dependencies": {
          "Microsoft.Extensions.DependencyInjection.Abstractions": "8.0.0"
        }
      },
      "Microsoft.Extensions.DependencyInjection.Abstractions": {
        "type": "Transitive",
        "resolved": "8.0.0",
        "contentHash": "cjWrLkJXK0rs4zofsK4bSdg+jhDLTaxrkXu4gS6Y7MAlCvRyNNgwY/lJi5RDlQOnSZweHqoyvgvbdvQsRIW+hg=="
      },
      "Microsoft.NET.StringTools": {
        "type": "Transitive",
        "resolved": "17.11.4",
        "contentHash": "mudqUHhNpeqIdJoUx2YDWZO/I9uEDYVowan89R6wsomfnUJQk6HteoQTlNjZDixhT2B4IXMkMtgZtoceIjLRmA=="
      },
      "ottergui": {
        "type": "Project",
        "dependencies": {
          "JetBrains.Annotations": "[2024.2.0, )",
          "Microsoft.Extensions.DependencyInjection": "[8.0.0, )"
        }
      }
    }
  }
}