{
  "version": 1,
  "dependencies": {
    "net8.0-windows7.0": {
      "CsvHelper": {
        "type": "Direct",
        "requested": "[33.0.1, )",
        "resolved": "33.0.1",
        "contentHash": "fev4lynklAU2A9GVMLtwarkwaanjSYB4wUqO2nOJX5hnzObORzUqVLe+bDYCUyIIRQM4o5Bsq3CcyJR89iMmEQ=="
      },
      "DalamudPackager": {
        "type": "Direct",
        "requested": "[2.1.13, )",
        "resolved": "2.1.13",
        "contentHash": "rMN1omGe8536f4xLMvx9NwfvpAc9YFFfeXJ1t4P4PE6Gu8WCIoFliR1sh07hM+bfODmesk/dvMbji7vNI+B/pQ=="
      },
      "MessagePack": {
        "type": "Direct",
        "requested": "[3.0.54-alpha, )",
        "resolved": "3.0.54-alpha",
        "contentHash": "cSAPiO8A7Lp51rEROBb5Npe4Jp/Q8UT+rb9MDaUW4eg/dvweHYHSJvqpLJFYV7NaP5MmdwUs6jNKi5ZXywVqAQ==",
        "dependencies": {
          "MessagePack.Annotations": "3.0.54-alpha",
          "Microsoft.NET.StringTools": "17.9.5"
        }
      },
      "JetBrains.Annotations": {
        "type": "Transitive",
        "resolved": "2023.3.0",
        "contentHash": "PHfnvdBUdGaTVG9bR/GEfxgTwWM0Z97Y6X3710wiljELBISipSfF5okn/vz+C2gfO+ihoEyVPjaJwn8ZalVukA=="
      },
      "MessagePack.Annotations": {
        "type": "Transitive",
        "resolved": "3.0.54-alpha",
        "contentHash": "KUDOe8K2nH8kVVOF3Pp66d0jSs33Jl6C94n1j3aVOlp0j8ysFphuT6bh7HJnju7GSI/z10A5C8tKiguOJcmEoQ=="
      },
      "Microsoft.Extensions.DependencyInjection": {
        "type": "Transitive",
        "resolved": "8.0.0",
        "contentHash": "V8S3bsm50ig6JSyrbcJJ8bW2b9QLGouz+G1miK3UTaOWmMtFwNNNzUf4AleyDWUmTrWMLNnFSLEQtxmxgNQnNQ==",
        "dependencies": {
          "Microsoft.Extensions.DependencyInjection.Abstractions": "8.0.0"
        }
      },
      "Microsoft.Extensions.DependencyInjection.Abstractions": {
        "type": "Transitive",
        "resolved": "8.0.0",
        "contentHash": "cjWrLkJXK0rs4zofsK4bSdg+jhDLTaxrkXu4gS6Y7MAlCvRyNNgwY/lJi5RDlQOnSZweHqoyvgvbdvQsRIW+hg=="
      },
      "Microsoft.NET.StringTools": {
        "type": "Transitive",
        "resolved": "17.9.5",
        "contentHash": "C/oPRnjcIZBRzcpl1V06R1eEMCxOGt6mIm+8ioyblELgJEXLM8XjUPuCwljMO52VetsHw54xMcYwU8UEeHEIEg=="
      },
      "ottergui": {
        "type": "Project",
        "dependencies": {
          "JetBrains.Annotations": "[2023.3.0, )",
          "Microsoft.Extensions.DependencyInjection": "[8.0.0, )"
        }
      }
    }
  }
}