
Microsoft Visual Studio Solution File, Format Version 12.00
# Visual Studio Version 16
VisualStudioVersion = 16.0.29709.97
MinimumVisualStudioVersion = 10.0.40219.1
Project("{FAE04EC0-301F-11D3-BF4B-00C04F79EFBC}") = "TrackyTrack", "TrackyTrack\TrackyTrack.csproj", "{13C812E9-0D42-4B95-8646-40EEBF30636F}"
EndProject
Project("{FAE04EC0-301F-11D3-BF4B-00C04F79EFBC}") = "CriticalCommonLib", "CriticalCommonLib\CriticalCommonLib.csproj", "{224D5ACE-5700-4425-B368-39A28FB206D2}"
EndProject
Project("{FAE04EC0-301F-11D3-BF4B-00C04F79EFBC}") = "LuminaSupplemental.Excel", "LuminaSupplemental\src\LuminaSupplemental.Excel\LuminaSupplemental.Excel.csproj", "{FDD0424C-4CCD-4D66-AB80-6374AF7DADAB}"
EndProject
Global
	GlobalSection(SolutionConfigurationPlatforms) = preSolution
		Debug|x64 = Debug|x64
		Release|x64 = Release|x64
	EndGlobalSection
	GlobalSection(ProjectConfigurationPlatforms) = postSolution
		{13C812E9-0D42-4B95-8646-40EEBF30636F}.Debug|x64.ActiveCfg = Debug|x64
		{13C812E9-0D42-4B95-8646-40EEBF30636F}.Debug|x64.Build.0 = Debug|x64
		{13C812E9-0D42-4B95-8646-40EEBF30636F}.Release|x64.ActiveCfg = Release|x64
		{13C812E9-0D42-4B95-8646-40EEBF30636F}.Release|x64.Build.0 = Release|x64
		{4FEC9558-EB25-419F-B86E-51B8CFDA32B7}.Debug|x64.ActiveCfg = Debug|x64
		{4FEC9558-EB25-419F-B86E-51B8CFDA32B7}.Debug|x64.Build.0 = Debug|x64
		{4FEC9558-EB25-419F-B86E-51B8CFDA32B7}.Release|x64.ActiveCfg = Release|x64
		{4FEC9558-EB25-419F-B86E-51B8CFDA32B7}.Release|x64.Build.0 = Release|x64
		{224D5ACE-5700-4425-B368-39A28FB206D2}.Debug|x64.ActiveCfg = Debug|Any CPU
		{224D5ACE-5700-4425-B368-39A28FB206D2}.Debug|x64.Build.0 = Debug|Any CPU
		{224D5ACE-5700-4425-B368-39A28FB206D2}.Release|x64.ActiveCfg = Release|Any CPU
		{224D5ACE-5700-4425-B368-39A28FB206D2}.Release|x64.Build.0 = Release|Any CPU
		{FDD0424C-4CCD-4D66-AB80-6374AF7DADAB}.Debug|x64.ActiveCfg = Debug|Any CPU
		{FDD0424C-4CCD-4D66-AB80-6374AF7DADAB}.Debug|x64.Build.0 = Debug|Any CPU
		{FDD0424C-4CCD-4D66-AB80-6374AF7DADAB}.Release|x64.ActiveCfg = Release|Any CPU
		{FDD0424C-4CCD-4D66-AB80-6374AF7DADAB}.Release|x64.Build.0 = Release|Any CPU
	EndGlobalSection
	GlobalSection(SolutionProperties) = preSolution
		HideSolutionNode = FALSE
	EndGlobalSection
	GlobalSection(ExtensibilityGlobals) = postSolution
		SolutionGuid = {B17E85B1-5F60-4440-9F9A-3DDE877E8CDF}
	EndGlobalSection
EndGlobal
